
Microsoft Visual Studio Solution File, Format Version 12.00
# Visual Studio Version 17
VisualStudioVersion = 17.10.35013.160
MinimumVisualStudioVersion = 10.0.40219.1
Project("{9A19103F-16F7-4668-BE54-9A1E7A4F7556}") = "Go1Bet.Api", "Go1Bet.Api\Go1Bet.Api.csproj", "{84DA0468-CB37-4AB5-9A78-1644072ACB2C}"
EndProject
Project("{9A19103F-16F7-4668-BE54-9A1E7A4F7556}") = "Go1Bet.Infrastructure", "Go1Bet.Infrastructure\Go1Bet.Infrastructure.csproj", "{E55BC9B7-0AE9-48EF-A397-BE58163FBCDB}"
EndProject
Project("{9A19103F-16F7-4668-BE54-9A1E7A4F7556}") = "Go1Bet.Core", "Go1Bet.Core\Go1Bet.Core.csproj", "{341E9966-D784-4C4A-9221-BDDC7E05C3B1}"
EndProject
Project("{E53339B2-1760-4266-BCC7-CA923CBCF16C}") = "docker-compose", "docker-compose.dcproj", "{79534719-37DB-4487-A5B3-0988CC1C7450}"
EndProject
Global
	GlobalSection(SolutionConfigurationPlatforms) = preSolution
		Debug|Any CPU = Debug|Any CPU
		Release|Any CPU = Release|Any CPU
	EndGlobalSection
	GlobalSection(ProjectConfigurationPlatforms) = postSolution
		{84DA0468-CB37-4AB5-9A78-1644072ACB2C}.Debug|Any CPU.ActiveCfg = Debug|Any CPU
		{84DA0468-CB37-4AB5-9A78-1644072ACB2C}.Debug|Any CPU.Build.0 = Debug|Any CPU
		{84DA0468-CB37-4AB5-9A78-1644072ACB2C}.Release|Any CPU.ActiveCfg = Release|Any CPU
		{84DA0468-CB37-4AB5-9A78-1644072ACB2C}.Release|Any CPU.Build.0 = Release|Any CPU
		{E55BC9B7-0AE9-48EF-A397-BE58163FBCDB}.Debug|Any CPU.ActiveCfg = Debug|Any CPU
		{E55BC9B7-0AE9-48EF-A397-BE58163FBCDB}.Debug|Any CPU.Build.0 = Debug|Any CPU
		{E55BC9B7-0AE9-48EF-A397-BE58163FBCDB}.Release|Any CPU.ActiveCfg = Release|Any CPU
		{E55BC9B7-0AE9-48EF-A397-BE58163FBCDB}.Release|Any CPU.Build.0 = Release|Any CPU
		{341E9966-D784-4C4A-9221-BDDC7E05C3B1}.Debug|Any CPU.ActiveCfg = Debug|Any CPU
		{341E9966-D784-4C4A-9221-BDDC7E05C3B1}.Debug|Any CPU.Build.0 = Debug|Any CPU
		{341E9966-D784-4C4A-9221-BDDC7E05C3B1}.Release|Any CPU.ActiveCfg = Release|Any CPU
		{341E9966-D784-4C4A-9221-BDDC7E05C3B1}.Release|Any CPU.Build.0 = Release|Any CPU
		{79534719-37DB-4487-A5B3-0988CC1C7450}.Debug|Any CPU.ActiveCfg = Debug|Any CPU
		{79534719-37DB-4487-A5B3-0988CC1C7450}.Debug|Any CPU.Build.0 = Debug|Any CPU
		{79534719-37DB-4487-A5B3-0988CC1C7450}.Release|Any CPU.ActiveCfg = Release|Any CPU
		{79534719-37DB-4487-A5B3-0988CC1C7450}.Release|Any CPU.Build.0 = Release|Any CPU
	EndGlobalSection
	GlobalSection(SolutionProperties) = preSolution
		HideSolutionNode = FALSE
	EndGlobalSection
	GlobalSection(ExtensibilityGlobals) = postSolution
		SolutionGuid = {E455E74F-AE13-4AA5-B0E7-07C658AB479E}
	EndGlobalSection
EndGlobal
