
Microsoft Visual Studio Solution File, Format Version 12.00
# Visual Studio Version 17
VisualStudioVersion = 17.5.33424.131
MinimumVisualStudioVersion = 10.0.40219.1
Project("{FAE04EC0-301F-11D3-BF4B-00C04F79EFBC}") = "TopNewsApi.Core", "TopNewsApi.Core\TopNewsApi.Core.csproj", "{B9524660-2446-4C2D-88EF-0767E261EBF5}"
EndProject
Project("{FAE04EC0-301F-11D3-BF4B-00C04F79EFBC}") = "TopNewsApi.Infrastructure", "TopNewsApi.Infrastructure\TopNewsApi.Infrastructure.csproj", "{200B6375-CFBD-4CB7-953F-F54D255EACD6}"
	ProjectSection(ProjectDependencies) = postProject
		{B9524660-2446-4C2D-88EF-0767E261EBF5} = {B9524660-2446-4C2D-88EF-0767E261EBF5}
	EndProjectSection
EndProject
Project("{FAE04EC0-301F-11D3-BF4B-00C04F79EFBC}") = "TopNewsApi.Api", "TopNewsApi.Api\TopNewsApi.Api.csproj", "{98F1095A-F290-4DDD-B6F9-A235A4ECB5A5}"
	ProjectSection(ProjectDependencies) = postProject
		{200B6375-CFBD-4CB7-953F-F54D255EACD6} = {200B6375-CFBD-4CB7-953F-F54D255EACD6}
		{B9524660-2446-4C2D-88EF-0767E261EBF5} = {B9524660-2446-4C2D-88EF-0767E261EBF5}
	EndProjectSection
EndProject
Global
	GlobalSection(SolutionConfigurationPlatforms) = preSolution
		Debug|Any CPU = Debug|Any CPU
		Release|Any CPU = Release|Any CPU
	EndGlobalSection
	GlobalSection(ProjectConfigurationPlatforms) = postSolution
		{B9524660-2446-4C2D-88EF-0767E261EBF5}.Debug|Any CPU.ActiveCfg = Debug|Any CPU
		{B9524660-2446-4C2D-88EF-0767E261EBF5}.Debug|Any CPU.Build.0 = Debug|Any CPU
		{B9524660-2446-4C2D-88EF-0767E261EBF5}.Release|Any CPU.ActiveCfg = Release|Any CPU
		{B9524660-2446-4C2D-88EF-0767E261EBF5}.Release|Any CPU.Build.0 = Release|Any CPU
		{200B6375-CFBD-4CB7-953F-F54D255EACD6}.Debug|Any CPU.ActiveCfg = Debug|Any CPU
		{200B6375-CFBD-4CB7-953F-F54D255EACD6}.Debug|Any CPU.Build.0 = Debug|Any CPU
		{200B6375-CFBD-4CB7-953F-F54D255EACD6}.Release|Any CPU.ActiveCfg = Release|Any CPU
		{200B6375-CFBD-4CB7-953F-F54D255EACD6}.Release|Any CPU.Build.0 = Release|Any CPU
		{98F1095A-F290-4DDD-B6F9-A235A4ECB5A5}.Debug|Any CPU.ActiveCfg = Debug|Any CPU
		{98F1095A-F290-4DDD-B6F9-A235A4ECB5A5}.Debug|Any CPU.Build.0 = Debug|Any CPU
		{98F1095A-F290-4DDD-B6F9-A235A4ECB5A5}.Release|Any CPU.ActiveCfg = Release|Any CPU
		{98F1095A-F290-4DDD-B6F9-A235A4ECB5A5}.Release|Any CPU.Build.0 = Release|Any CPU
	EndGlobalSection
	GlobalSection(SolutionProperties) = preSolution
		HideSolutionNode = FALSE
	EndGlobalSection
	GlobalSection(ExtensibilityGlobals) = postSolution
		SolutionGuid = {F676DA51-5C36-4D2C-AEE7-952CDA595249}
	EndGlobalSection
EndGlobal
